{
  "version": 4,
  "terraform_version": "1.1.9",
  "serial": 179,
  "lineage": "e00149cf-7738-e249-fafb-d724e2541767",
  "outputs": {
    "key": {
      "value": "AKIAQTPM4B2YX4ZLVYGX",
      "type": "string"
    },
    "password": {
      "value": "wcBMA3trylxaTSzhAQf+N1rlvPkP6SUVtRAmU7q9d8mt6akk78kDB0tS0A0u8O/rZ2xpO3HFssk45dTSxG9Za61AaLlDQgpvFW7QlS4cOzsS1jiFxr9ZSsXxraBjv7rz8ZJ1w7g4IAR12TMAbNOMm1XUKGztbOwH9o4pzYd1PCwd+vDMB03Rh4oS/r1pazSNHo1T+FsmaIK7dGTiLR/7h/XnmX/eXG2RCEzhw/3RuFi7H2s0Gbxg/IsBp5vorMZ8c9e7rkqCHqNtCj2aaod1xHkpSk4son9UQuRKtQsGcOkAjwL6GeBWaX3LLSOtgVysGBhztB5v6Q+oou18HHt2vSVMmW9DmOGuoAu+KvwZv9I7AeyS/V3SGTtwB58aiUM9ZSW13VEzja/pgIvEx3mbXueDvqVhzdxZkHqPGfM0LPPtqTH73UXGDFcqDWI=",
      "type": "string"
    },
    "secret": {
      "value": "wcBMA3trylxaTSzhAQf/S5dE4cbeOO2w1k2/MXmBFlSMxh0hf34c1eYyjVlM2iIcIiyUHdZDm15ot08gMmPVYGPQfDLFQ+7vdy9a/qVxTmZ80b6O3Q7u3wxmYh+OrvtCM1JfrwZf6aeucc5yLSA5DPfW0bGmWRKfltRVP99deuGeBPj8BEESeL++7JuFJScc8O3/cBVcjaMiG2hjSz5Gj7ODt4hICO5ihmfkALj2xSFojE4G9zYjIAeC0GcH3NvL9utf/EgJhEwYOApluFA3XwNFUovxI3Biq3ImTsHEQIwmd+aB9/g/F8iKHwXzKZSsDmPY/Lq2fgWhMgRUrpL9fjdV9XnJy9Bei+U/XLSAudJZAXus4uEDah8nTu4aah7LudAreVEzErlCWYZt2nT7X+g9BqkYnDrGBM2VRcsfKn6autXn8jFZdw21pZrV0L5fH5rBFmE5QQfwQyg6PS4hlivDDPlyqjP/DaA=",
      "type": "string"
    }
  },
  "resources": [
    {
      "mode": "data",
      "type": "aws_caller_identity",
      "name": "current",
      "provider": "provider[\"registry.terraform.io/hashicorp/aws\"]",
      "instances": [
        {
          "schema_version": 0,
          "attributes": {
            "account_id": "041835826865",
            "arn": "arn:aws:iam::041835826865:user/mehkey",
            "id": "041835826865",
            "user_id": "AIDAQTPM4B2Y32ZDNGWGS"
          },
          "sensitive_attributes": []
        }
      ]
    },
    {
      "mode": "data",
      "type": "aws_iam_policy_document",
      "name": "EKSClusterAutoscaling",
      "provider": "provider[\"registry.terraform.io/hashicorp/aws\"]",
      "instances": [
        {
          "schema_version": 0,
          "attributes": {
            "id": "4160268706",
            "json": "{\n  \"Version\": \"2012-10-17\",\n  \"Statement\": [\n    {\n      \"Sid\": \"EKSClusterAutoscaling\",\n      \"Effect\": \"Allow\",\n      \"Action\": [\n        \"ec2:DescribeLaunchTemplateVersions\",\n        \"autoscaling:TerminateInstanceInAutoScalingGroup\",\n        \"autoscaling:SetDesiredCapacity\",\n        \"autoscaling:DescribeTags\",\n        \"autoscaling:DescribeLaunchConfigurations\",\n        \"autoscaling:DescribeAutoScalingInstances\",\n        \"autoscaling:DescribeAutoScalingGroups\"\n      ],\n      \"Resource\": \"*\"\n    }\n  ]\n}",
            "override_json": null,
            "override_policy_documents": null,
            "policy_id": null,
            "source_json": null,
            "source_policy_documents": null,
            "statement": [
              {
                "actions": [
                  "autoscaling:DescribeAutoScalingGroups",
                  "autoscaling:DescribeAutoScalingInstances",
                  "autoscaling:DescribeLaunchConfigurations",
                  "autoscaling:DescribeTags",
                  "autoscaling:SetDesiredCapacity",
                  "autoscaling:TerminateInstanceInAutoScalingGroup",
                  "ec2:DescribeLaunchTemplateVersions"
                ],
                "condition": [],
                "effect": "Allow",
                "not_actions": [],
                "not_principals": [],
                "not_resources": [],
                "principals": [],
                "resources": [
                  "*"
                ],
                "sid": "EKSClusterAutoscaling"
              }
            ],
            "version": "2012-10-17"
          },
          "sensitive_attributes": []
        }
      ]
    },
    {
      "mode": "data",
      "type": "aws_iam_policy_document",
      "name": "EKSFullAccess",
      "provider": "provider[\"registry.terraform.io/hashicorp/aws\"]",
      "instances": [
        {
          "schema_version": 0,
          "attributes": {
            "id": "2499262574",
            "json": "{\n  \"Version\": \"2012-10-17\",\n  \"Statement\": [\n    {\n      \"Sid\": \"EKSFullAccess\",\n      \"Effect\": \"Allow\",\n      \"Action\": [\n        \"eks:*\",\n        \"ecr:*\"\n      ],\n      \"Resource\": \"*\"\n    }\n  ]\n}",
            "override_json": null,
            "override_policy_documents": null,
            "policy_id": null,
            "source_json": null,
            "source_policy_documents": null,
            "statement": [
              {
                "actions": [
                  "ecr:*",
                  "eks:*"
                ],
                "condition": [],
                "effect": "Allow",
                "not_actions": [],
                "not_principals": [],
                "not_resources": [],
                "principals": [],
                "resources": [
                  "*"
                ],
                "sid": "EKSFullAccess"
              }
            ],
            "version": "2012-10-17"
          },
          "sensitive_attributes": []
        }
      ]
    },
    {
      "mode": "data",
      "type": "aws_iam_policy_document",
      "name": "Serverless",
      "provider": "provider[\"registry.terraform.io/hashicorp/aws\"]",
      "instances": [
        {
          "schema_version": 0,
          "attributes": {
            "id": "437986749",
            "json": "{\n  \"Version\": \"2012-10-17\",\n  \"Statement\": [\n    {\n      \"Sid\": \"Serverless\",\n      \"Effect\": \"Allow\",\n      \"Action\": [\n        \"logs:*\",\n        \"lambda:*\",\n        \"apigateway:*\"\n      ],\n      \"Resource\": \"*\"\n    }\n  ]\n}",
            "override_json": null,
            "override_policy_documents": null,
            "policy_id": null,
            "source_json": null,
            "source_policy_documents": null,
            "statement": [
              {
                "actions": [
                  "apigateway:*",
                  "lambda:*",
                  "logs:*"
                ],
                "condition": [],
                "effect": "Allow",
                "not_actions": [],
                "not_principals": [],
                "not_resources": [],
                "principals": [],
                "resources": [
                  "*"
                ],
                "sid": "Serverless"
              }
            ],
            "version": "2012-10-17"
          },
          "sensitive_attributes": []
        }
      ]
    },
    {
      "mode": "data",
      "type": "aws_iam_policy_document",
      "name": "eksdude",
      "provider": "provider[\"registry.terraform.io/hashicorp/aws\"]",
      "instances": [
        {
          "schema_version": 0,
          "attributes": {
            "id": "3393862901",
            "json": "{\n  \"Version\": \"2012-10-17\",\n  \"Statement\": [\n    {\n      \"Sid\": \"\",\n      \"Effect\": \"Allow\",\n      \"Action\": [\n        \"iam:GetAccountPasswordPolicy\",\n        \"iam:ChangePassword\"\n      ],\n      \"Resource\": \"arn:aws:iam::041835826865:user/eksdude\"\n    }\n  ]\n}",
            "override_json": null,
            "override_policy_documents": null,
            "policy_id": null,
            "source_json": null,
            "source_policy_documents": null,
            "statement": [
              {
                "actions": [
                  "iam:ChangePassword",
                  "iam:GetAccountPasswordPolicy"
                ],
                "condition": [],
                "effect": "Allow",
                "not_actions": [],
                "not_principals": [],
                "not_resources": [],
                "principals": [],
                "resources": [
                  "arn:aws:iam::041835826865:user/eksdude"
                ],
                "sid": ""
              }
            ],
            "version": "2012-10-17"
          },
          "sensitive_attributes": []
        }
      ]
    },
    {
      "mode": "data",
      "type": "aws_iam_policy_document",
      "name": "iamPassRole",
      "provider": "provider[\"registry.terraform.io/hashicorp/aws\"]",
      "instances": [
        {
          "schema_version": 0,
          "attributes": {
            "id": "272418121",
            "json": "{\n  \"Version\": \"2012-10-17\",\n  \"Statement\": [\n    {\n      \"Sid\": \"\",\n      \"Effect\": \"Allow\",\n      \"Action\": [\n        \"ssm:GetParameter\",\n        \"iam:PutRolePolicy\",\n        \"iam:PassRole\",\n        \"iam:DetachRolePolicy\",\n        \"iam:DeleteRolePolicy\",\n        \"iam:DeleteRole\",\n        \"iam:DeleteOpenIDConnectProvider\",\n        \"iam:CreateServiceLinkedRole\",\n        \"iam:CreateRole\",\n        \"iam:CreateOpenIDConnectProvider\",\n        \"iam:CreateInstanceProfile\",\n        \"iam:AttachRolePolicy\"\n      ],\n      \"Resource\": [\n        \"arn:aws:ssm:*\",\n        \"arn:aws:iam::041835826865:role/*\",\n        \"arn:aws:iam::041835826865:oidc-provider/oidc.eks.us-west-2.amazonaws.com/*\",\n        \"arn:aws:iam::041835826865:oidc-provider/oidc.eks.us-west-2.amazonaws.com\"\n      ]\n    }\n  ]\n}",
            "override_json": null,
            "override_policy_documents": null,
            "policy_id": null,
            "source_json": null,
            "source_policy_documents": null,
            "statement": [
              {
                "actions": [
                  "iam:AttachRolePolicy",
                  "iam:CreateInstanceProfile",
                  "iam:CreateOpenIDConnectProvider",
                  "iam:CreateRole",
                  "iam:CreateServiceLinkedRole",
                  "iam:DeleteOpenIDConnectProvider",
                  "iam:DeleteRole",
                  "iam:DeleteRolePolicy",
                  "iam:DetachRolePolicy",
                  "iam:PassRole",
                  "iam:PutRolePolicy",
                  "ssm:GetParameter"
                ],
                "condition": [],
                "effect": "Allow",
                "not_actions": [],
                "not_principals": [],
                "not_resources": [],
                "principals": [],
                "resources": [
                  "arn:aws:iam::041835826865:oidc-provider/oidc.eks.us-west-2.amazonaws.com",
                  "arn:aws:iam::041835826865:oidc-provider/oidc.eks.us-west-2.amazonaws.com/*",
                  "arn:aws:iam::041835826865:role/*",
                  "arn:aws:ssm:*"
                ],
                "sid": ""
              }
            ],
            "version": "2012-10-17"
          },
          "sensitive_attributes": []
        }
      ]
    },
    {
      "mode": "managed",
      "type": "aws_iam_access_key",
      "name": "eksdude",
      "provider": "provider[\"registry.terraform.io/hashicorp/aws\"]",
      "instances": [
        {
          "schema_version": 0,
          "attributes": {
            "create_date": "2022-05-21T08:10:50Z",
            "encrypted_secret": "wcBMA3trylxaTSzhAQf/S5dE4cbeOO2w1k2/MXmBFlSMxh0hf34c1eYyjVlM2iIcIiyUHdZDm15ot08gMmPVYGPQfDLFQ+7vdy9a/qVxTmZ80b6O3Q7u3wxmYh+OrvtCM1JfrwZf6aeucc5yLSA5DPfW0bGmWRKfltRVP99deuGeBPj8BEESeL++7JuFJScc8O3/cBVcjaMiG2hjSz5Gj7ODt4hICO5ihmfkALj2xSFojE4G9zYjIAeC0GcH3NvL9utf/EgJhEwYOApluFA3XwNFUovxI3Biq3ImTsHEQIwmd+aB9/g/F8iKHwXzKZSsDmPY/Lq2fgWhMgRUrpL9fjdV9XnJy9Bei+U/XLSAudJZAXus4uEDah8nTu4aah7LudAreVEzErlCWYZt2nT7X+g9BqkYnDrGBM2VRcsfKn6autXn8jFZdw21pZrV0L5fH5rBFmE5QQfwQyg6PS4hlivDDPlyqjP/DaA=",
            "encrypted_ses_smtp_password_v4": "wcBMA3trylxaTSzhAQf7BJ7KW4aHNd43nQlRqEGu9yiHOWttkaMb+rmwGjkLCp8/SruINpKzcYKMdlJJJMe3Lb1vQ/yDkozzi2xxqIbJvao7Ta0r/2AtqKR6DyIFQO9L5WaCALSIrNE5W8wny4s5Grc91MJHdCzRoMhtMX3p55XjefbJW1wEy2AlXyxIRM9SHABFDbKIPg/9RS0eJgCPx++7gi4ywVZVcpHI6X2dU/a6nQ4W+aLgI7W6gn8mggcpMNP485xe4mLA3+Z9jRKHjrXjk38HdEsBRYfKySEaiK2lJgk6txHqUoCXsy1SXcog4VL8Y54Q1iGn6c9WcoNTPdAvIBkP8TcqWiP7ySvY6dJdAWTmtAX8XiqsYHbZZgvD8LMo3qN3jUqefIJRxIf4iZ65BZ1AyzAiPYwYPDSQCM59R8ywVZFmp4HGMggsiTfORCU6/ytFgvf0iJ7DNiLnshKoBE/2pYj3Ch/zTENl",
            "id": "AKIAQTPM4B2YX4ZLVYGX",
            "key_fingerprint": "fd2c2ec0c5010529db17c80cb2467e42f57883a3",
            "pgp_key": "mQENBF5+OpwBCACzSl0NO2M7tSi4vgh1jUlz484bLjrYN2J9nQU88Okbd+WqCMI1UxaHOqJ4gkX1Za6TA1dTxpoAR1694y5v2HllZVwz7rPkt+fptQgj3QBmUX8Pm13FYqF9kLZ2SZPGLgAnkpoSYel8u8xYmlgtjzG3CamLwDPFnJAh/tPG25VKqJU5Uumd7sAZgDdiF1LF6/LQdEtEJhJdQh6mGGZcLB60HPWIO92vbSJB9CvnwsN+chXrE7IFG2AX7XsMYGdZxxIZBLvjUvMzmFORzlRVieR5KuC7rgONeNZULwRq4hh0BWl/mx3BwKf3HAw1GeDr0jcPM2i/QUPKR561T3ZfPpPrABEBAAG0NVZhbGxhcmQgQmVuaW5jb3NhIChla3MtY2xhc3MpIDx2YWxsYXJkQGJlbmluY29zYS5jb20+iQFOBBMBCAA4FiEE/SwuwMUBBSnbF8gMskZ+QvV4g6MFAl5+OpwCGwMFCwkIBwIGFQoJCAsCBBYCAwECHgECF4AACgkQskZ+QvV4g6MhxwgAszsCcU2Na+SDLkPXUP+76LTDpQT7fdsPX4dh5qyiNEkL0jmoEplG4xzqaVLwn3OvB7OTn0OqdYfe7fZTP/LOecUOSLKN8whXXNr6GUw5D4ZE79utBrwh1swC2Lzj0pKrMduTSW//U2TL5XQE/ncOiLL74HllLH9OVmKqQDH3LoM9EZbCBxNf0oT/oAMcDrl9wOX9/6gW4tmM1p8OmFBPRprc06XYTCWi0SME0kB95uet+PB2lDmWwwqVyUh2lMMtIvxCtK/wv8bcouy18PYqH9b88nLf/rt9VHEeBuFS82xxTUVVG+PEq2qmCFkhYPX+JQDeEV5byAJqXxXIUI6uXLkBDQRefjqcAQgApA5bBbvQ6JxAYF05L2phFcmfKY25jF+s4eTBQiG5jPYLi2MSpyrgRrLcss12JkESU/zuY0N58j1P5KHL+BbvFD5c9oIzoPx5DaSbK/m8W3MwwJ7Qj8Di/uYz5UasUxGv4Moc8u0KXcMwSGMcA9PczlJ1uoZ2jpQlzA03pYeb5rw32nLA+8iNqqsyOXVSw730fEYs+rjyKqSUyFw11uywb2QemjwsxFlRU48zPG5nyaNCSTvXLHTtzCqD/1jm+/kpr5gv13oxIioiSmmPlGpbtFWjWA3oEaPTvXVZ5FAS9BNiHCLS9TBM1Qd2AX4IqeXYg4RPJJIOaltY1lHsX+5QqQARAQABiQE2BBgBCAAgFiEE/SwuwMUBBSnbF8gMskZ+QvV4g6MFAl5+OpwCGwwACgkQskZ+QvV4g6OSmAf9H7yOy61uKmdyjeKL/FMHl+cRrdhlmgnXgCwJGKLWQlTOHDX5VFiYVz9ImYSK8PhiUQDp3L2RQCXbwuK0xvxgG6lQ4vj/q5nsp5aW1Osb2SNSGx6y71Kt6F92J0I3cpGEzd3ZaV/+lbaPUAZFbXaaegjUe0kJcyyvfrhFeuQVWNuA8P5hQImi0BDWgCoyNmYJYOIv+e/znBYHPmALKrdCrODNUVl33hQtRSBPhqNgILK2a+ZvgAmBA4s7m2M2eyFXBOjYSQz2gE87PydBN6P1MNO42BuBMZtHEeSDDmrLPBYosfwXMDL3UJRZMimV2s4sZAoO6ai8ykeyIcJToR9pBw==",
            "secret": null,
            "ses_smtp_password_v4": null,
            "status": "Active",
            "user": "eksdude"
          },
          "sensitive_attributes": [],
          "private": "bnVsbA==",
          "dependencies": [
            "aws_iam_user.eksdude"
          ]
        }
      ]
    },
    {
      "mode": "managed",
      "type": "aws_iam_group",
      "name": "EKSDemoGroup",
      "provider": "provider[\"registry.terraform.io/hashicorp/aws\"]",
      "instances": [
        {
          "schema_version": 0,
          "attributes": {
            "arn": "arn:aws:iam::041835826865:group/EKSDemoGroup",
            "id": "EKSDemoGroup",
            "name": "EKSDemoGroup",
            "path": "/",
            "unique_id": "AGPAQTPM4B2Y5GSX44BHY"
          },
          "sensitive_attributes": [],
          "private": "bnVsbA=="
        }
      ]
    },
    {
      "mode": "managed",
      "type": "aws_iam_group_policy",
      "name": "iamPassRole",
      "provider": "provider[\"registry.terraform.io/hashicorp/aws\"]",
      "instances": [
        {
          "schema_version": 0,
          "attributes": {
            "group": "EKSDemoGroup",
            "id": "EKSDemoGroup:iamPassRole",
            "name": "iamPassRole",
            "name_prefix": null,
            "policy": "{\n  \"Version\": \"2012-10-17\",\n  \"Statement\": [\n    {\n      \"Sid\": \"\",\n      \"Effect\": \"Allow\",\n      \"Action\": [\n        \"ssm:GetParameter\",\n        \"iam:PutRolePolicy\",\n        \"iam:PassRole\",\n        \"iam:DetachRolePolicy\",\n        \"iam:DeleteRolePolicy\",\n        \"iam:DeleteRole\",\n        \"iam:DeleteOpenIDConnectProvider\",\n        \"iam:CreateServiceLinkedRole\",\n        \"iam:CreateRole\",\n        \"iam:CreateOpenIDConnectProvider\",\n        \"iam:CreateInstanceProfile\",\n        \"iam:AttachRolePolicy\"\n      ],\n      \"Resource\": [\n        \"arn:aws:ssm:*\",\n        \"arn:aws:iam::041835826865:role/*\",\n        \"arn:aws:iam::041835826865:oidc-provider/oidc.eks.us-west-2.amazonaws.com/*\",\n        \"arn:aws:iam::041835826865:oidc-provider/oidc.eks.us-west-2.amazonaws.com\"\n      ]\n    }\n  ]\n}"
          },
          "sensitive_attributes": [],
          "private": "bnVsbA==",
          "dependencies": [
            "aws_iam_group.EKSDemoGroup",
            "data.aws_iam_policy_document.iamPassRole"
          ]
        }
      ]
    },
    {
      "mode": "managed",
      "type": "aws_iam_group_policy_attachment",
      "name": "AWSCloudFormationFullAccess",
      "provider": "provider[\"registry.terraform.io/hashicorp/aws\"]",
      "instances": [
        {
          "schema_version": 0,
          "attributes": {
            "group": "EKSDemoGroup",
            "id": "EKSDemoGroup-20220521081050551400000003",
            "policy_arn": "arn:aws:iam::aws:policy/AWSCloudFormationFullAccess"
          },
          "sensitive_attributes": [],
          "private": "bnVsbA==",
          "dependencies": [
            "aws_iam_group.EKSDemoGroup"
          ]
        }
      ]
    },
    {
      "mode": "managed",
      "type": "aws_iam_group_policy_attachment",
      "name": "AmazonEC2FullAccess",
      "provider": "provider[\"registry.terraform.io/hashicorp/aws\"]",
      "instances": [
        {
          "schema_version": 0,
          "attributes": {
            "group": "EKSDemoGroup",
            "id": "EKSDemoGroup-20220521081050555300000004",
            "policy_arn": "arn:aws:iam::aws:policy/AmazonEC2FullAccess"
          },
          "sensitive_attributes": [],
          "private": "bnVsbA==",
          "dependencies": [
            "aws_iam_group.EKSDemoGroup"
          ]
        }
      ]
    },
    {
      "mode": "managed",
      "type": "aws_iam_group_policy_attachment",
      "name": "AmazonS3FullAccess",
      "provider": "provider[\"registry.terraform.io/hashicorp/aws\"]",
      "instances": [
        {
          "schema_version": 0,
          "attributes": {
            "group": "EKSDemoGroup",
            "id": "EKSDemoGroup-20220521081050548100000002",
            "policy_arn": "arn:aws:iam::aws:policy/AmazonS3FullAccess"
          },
          "sensitive_attributes": [],
          "private": "bnVsbA==",
          "dependencies": [
            "aws_iam_group.EKSDemoGroup"
          ]
        }
      ]
    },
    {
      "mode": "managed",
      "type": "aws_iam_group_policy_attachment",
      "name": "AmazonSNSReadOnlyAccess",
      "provider": "provider[\"registry.terraform.io/hashicorp/aws\"]",
      "instances": [
        {
          "schema_version": 0,
          "attributes": {
            "group": "EKSDemoGroup",
            "id": "EKSDemoGroup-20220521081050542300000001",
            "policy_arn": "arn:aws:iam::aws:policy/AmazonSNSReadOnlyAccess"
          },
          "sensitive_attributes": [],
          "private": "bnVsbA==",
          "dependencies": [
            "aws_iam_group.EKSDemoGroup"
          ]
        }
      ]
    },
    {
      "mode": "managed",
      "type": "aws_iam_group_policy_attachment",
      "name": "AmazonVPCFullAccess",
      "provider": "provider[\"registry.terraform.io/hashicorp/aws\"]",
      "instances": [
        {
          "schema_version": 0,
          "attributes": {
            "group": "EKSDemoGroup",
            "id": "EKSDemoGroup-20220521081050736900000006",
            "policy_arn": "arn:aws:iam::aws:policy/AmazonVPCFullAccess"
          },
          "sensitive_attributes": [],
          "private": "bnVsbA==",
          "dependencies": [
            "aws_iam_group.EKSDemoGroup"
          ]
        }
      ]
    },
    {
      "mode": "managed",
      "type": "aws_iam_group_policy_attachment",
      "name": "DynamoFullAccess",
      "provider": "provider[\"registry.terraform.io/hashicorp/aws\"]",
      "instances": [
        {
          "schema_version": 0,
          "attributes": {
            "group": "EKSDemoGroup",
            "id": "EKSDemoGroup-20220521081050737800000007",
            "policy_arn": "arn:aws:iam::aws:policy/AmazonDynamoDBFullAccess"
          },
          "sensitive_attributes": [],
          "private": "bnVsbA==",
          "dependencies": [
            "aws_iam_group.EKSDemoGroup"
          ]
        }
      ]
    },
    {
      "mode": "managed",
      "type": "aws_iam_group_policy_attachment",
      "name": "EKSDemoGroupServerless",
      "provider": "provider[\"registry.terraform.io/hashicorp/aws\"]",
      "instances": [
        {
          "schema_version": 0,
          "attributes": {
            "group": "EKSDemoGroup",
            "id": "EKSDemoGroup-2022052108105081070000000a",
            "policy_arn": "arn:aws:iam::041835826865:policy/Serverless"
          },
          "sensitive_attributes": [],
          "private": "bnVsbA==",
          "dependencies": [
            "aws_iam_group.EKSDemoGroup",
            "aws_iam_policy.Serverless",
            "data.aws_iam_policy_document.Serverless"
          ]
        }
      ]
    },
    {
      "mode": "managed",
      "type": "aws_iam_group_policy_attachment",
      "name": "EKSFullAccess",
      "provider": "provider[\"registry.terraform.io/hashicorp/aws\"]",
      "instances": [
        {
          "schema_version": 0,
          "attributes": {
            "group": "EKSDemoGroup",
            "id": "EKSDemoGroup-20220521081050810600000009",
            "policy_arn": "arn:aws:iam::041835826865:policy/EKSFullAccess"
          },
          "sensitive_attributes": [],
          "private": "bnVsbA==",
          "dependencies": [
            "aws_iam_group.EKSDemoGroup",
            "aws_iam_policy.EKSFullAccess",
            "data.aws_iam_policy_document.EKSFullAccess"
          ]
        }
      ]
    },
    {
      "mode": "managed",
      "type": "aws_iam_group_policy_attachment",
      "name": "IAMReadOnlyAccess",
      "provider": "provider[\"registry.terraform.io/hashicorp/aws\"]",
      "instances": [
        {
          "schema_version": 0,
          "attributes": {
            "group": "EKSDemoGroup",
            "id": "EKSDemoGroup-20220521081050738400000008",
            "policy_arn": "arn:aws:iam::aws:policy/IAMReadOnlyAccess"
          },
          "sensitive_attributes": [],
          "private": "bnVsbA==",
          "dependencies": [
            "aws_iam_group.EKSDemoGroup"
          ]
        }
      ]
    },
    {
      "mode": "managed",
      "type": "aws_iam_policy",
      "name": "EKSClusterAutoscaling",
      "provider": "provider[\"registry.terraform.io/hashicorp/aws\"]",
      "instances": [
        {
          "schema_version": 0,
          "attributes": {
            "arn": "arn:aws:iam::041835826865:policy/EKSClusterAutoscaling",
            "description": "",
            "id": "arn:aws:iam::041835826865:policy/EKSClusterAutoscaling",
            "name": "EKSClusterAutoscaling",
            "name_prefix": null,
            "path": "/",
            "policy": "{\"Statement\":[{\"Action\":[\"ec2:DescribeLaunchTemplateVersions\",\"autoscaling:TerminateInstanceInAutoScalingGroup\",\"autoscaling:SetDesiredCapacity\",\"autoscaling:DescribeTags\",\"autoscaling:DescribeLaunchConfigurations\",\"autoscaling:DescribeAutoScalingInstances\",\"autoscaling:DescribeAutoScalingGroups\"],\"Effect\":\"Allow\",\"Resource\":\"*\",\"Sid\":\"EKSClusterAutoscaling\"}],\"Version\":\"2012-10-17\"}",
            "policy_id": "ANPAQTPM4B2YVIDUVJS7U",
            "tags": null,
            "tags_all": {}
          },
          "sensitive_attributes": [],
          "private": "bnVsbA==",
          "dependencies": [
            "data.aws_iam_policy_document.EKSClusterAutoscaling"
          ]
        }
      ]
    },
    {
      "mode": "managed",
      "type": "aws_iam_policy",
      "name": "EKSFullAccess",
      "provider": "provider[\"registry.terraform.io/hashicorp/aws\"]",
      "instances": [
        {
          "schema_version": 0,
          "attributes": {
            "arn": "arn:aws:iam::041835826865:policy/EKSFullAccess",
            "description": "",
            "id": "arn:aws:iam::041835826865:policy/EKSFullAccess",
            "name": "EKSFullAccess",
            "name_prefix": null,
            "path": "/",
            "policy": "{\"Statement\":[{\"Action\":[\"eks:*\",\"ecr:*\"],\"Effect\":\"Allow\",\"Resource\":\"*\",\"Sid\":\"EKSFullAccess\"}],\"Version\":\"2012-10-17\"}",
            "policy_id": "ANPAQTPM4B2YYWBYNPGSW",
            "tags": null,
            "tags_all": {}
          },
          "sensitive_attributes": [],
          "private": "bnVsbA==",
          "dependencies": [
            "data.aws_iam_policy_document.EKSFullAccess"
          ]
        }
      ]
    },
    {
      "mode": "managed",
      "type": "aws_iam_policy",
      "name": "Serverless",
      "provider": "provider[\"registry.terraform.io/hashicorp/aws\"]",
      "instances": [
        {
          "schema_version": 0,
          "attributes": {
            "arn": "arn:aws:iam::041835826865:policy/Serverless",
            "description": "",
            "id": "arn:aws:iam::041835826865:policy/Serverless",
            "name": "Serverless",
            "name_prefix": null,
            "path": "/",
            "policy": "{\"Statement\":[{\"Action\":[\"logs:*\",\"lambda:*\",\"apigateway:*\"],\"Effect\":\"Allow\",\"Resource\":\"*\",\"Sid\":\"Serverless\"}],\"Version\":\"2012-10-17\"}",
            "policy_id": "ANPAQTPM4B2Y7F7MBKBZQ",
            "tags": null,
            "tags_all": {}
          },
          "sensitive_attributes": [],
          "private": "bnVsbA==",
          "dependencies": [
            "data.aws_iam_policy_document.Serverless"
          ]
        }
      ]
    },
    {
      "mode": "managed",
      "type": "aws_iam_role",
      "name": "EKSServiceRole",
      "provider": "provider[\"registry.terraform.io/hashicorp/aws\"]",
      "instances": [
        {
          "schema_version": 0,
          "attributes": {
            "arn": "arn:aws:iam::041835826865:role/EKSServiceRole",
            "assume_role_policy": "{\"Version\":\"2012-10-17\",\"Statement\":[{\"Sid\":\"\",\"Effect\":\"Allow\",\"Principal\":{\"Service\":\"eks.amazonaws.com\"},\"Action\":\"sts:AssumeRole\"}]}",
            "create_date": "2022-05-21T08:10:50Z",
            "description": "",
            "force_detach_policies": false,
            "id": "EKSServiceRole",
            "inline_policy": [
              {
                "name": "",
                "policy": ""
              }
            ],
            "managed_policy_arns": [],
            "max_session_duration": 3600,
            "name": "EKSServiceRole",
            "name_prefix": "",
            "path": "/",
            "permissions_boundary": null,
            "tags": null,
            "tags_all": {},
            "unique_id": "AROAQTPM4B2YW2PDDLJQM"
          },
          "sensitive_attributes": [],
          "private": "bnVsbA=="
        }
      ]
    },
    {
      "mode": "managed",
      "type": "aws_iam_role",
      "name": "kubeLambda",
      "provider": "provider[\"registry.terraform.io/hashicorp/aws\"]",
      "instances": [
        {
          "schema_version": 0,
          "attributes": {
            "arn": "arn:aws:iam::041835826865:role/kubeLambda",
            "assume_role_policy": "{\"Version\":\"2012-10-17\",\"Statement\":[{\"Sid\":\"\",\"Effect\":\"Allow\",\"Principal\":{\"Service\":\"lambda.amazonaws.com\"},\"Action\":\"sts:AssumeRole\"}]}",
            "create_date": "2022-05-21T08:10:50Z",
            "description": "Allows Lambda functions to make kubernetes calls on our cluster.",
            "force_detach_policies": false,
            "id": "kubeLambda",
            "inline_policy": [
              {
                "name": "",
                "policy": ""
              }
            ],
            "managed_policy_arns": [],
            "max_session_duration": 3600,
            "name": "kubeLambda",
            "name_prefix": "",
            "path": "/",
            "permissions_boundary": null,
            "tags": null,
            "tags_all": {},
            "unique_id": "AROAQTPM4B2YTMKHS3DCB"
          },
          "sensitive_attributes": [],
          "private": "bnVsbA=="
        }
      ]
    },
    {
      "mode": "managed",
      "type": "aws_iam_role_policy_attachment",
      "name": "EKSServiceRoleAttachmentsCluster",
      "provider": "provider[\"registry.terraform.io/hashicorp/aws\"]",
      "instances": [
        {
          "schema_version": 0,
          "attributes": {
            "id": "EKSServiceRole-2022052108105108680000000b",
            "policy_arn": "arn:aws:iam::aws:policy/AmazonEKSClusterPolicy",
            "role": "EKSServiceRole"
          },
          "sensitive_attributes": [],
          "private": "bnVsbA==",
          "dependencies": [
            "aws_iam_role.EKSServiceRole"
          ]
        }
      ]
    },
    {
      "mode": "managed",
      "type": "aws_iam_role_policy_attachment",
      "name": "EKSServiceRoleAttachmentsService",
      "provider": "provider[\"registry.terraform.io/hashicorp/aws\"]",
      "instances": [
        {
          "schema_version": 0,
          "attributes": {
            "id": "EKSServiceRole-2022052108105109390000000f",
            "policy_arn": "arn:aws:iam::aws:policy/AmazonEKSServicePolicy",
            "role": "EKSServiceRole"
          },
          "sensitive_attributes": [],
          "private": "bnVsbA==",
          "dependencies": [
            "aws_iam_role.EKSServiceRole"
          ]
        }
      ]
    },
    {
      "mode": "managed",
      "type": "aws_iam_role_policy_attachment",
      "name": "kubeLambdaEKSFullAccess",
      "provider": "provider[\"registry.terraform.io/hashicorp/aws\"]",
      "instances": [
        {
          "schema_version": 0,
          "attributes": {
            "id": "kubeLambda-2022052108105109140000000d",
            "policy_arn": "arn:aws:iam::041835826865:policy/EKSFullAccess",
            "role": "kubeLambda"
          },
          "sensitive_attributes": [],
          "private": "bnVsbA==",
          "dependencies": [
            "aws_iam_policy.EKSFullAccess",
            "aws_iam_role.kubeLambda",
            "data.aws_iam_policy_document.EKSFullAccess"
          ]
        }
      ]
    },
    {
      "mode": "managed",
      "type": "aws_iam_role_policy_attachment",
      "name": "kubeLambdaLambda",
      "provider": "provider[\"registry.terraform.io/hashicorp/aws\"]",
      "instances": [
        {
          "schema_version": 0,
          "attributes": {
            "id": "kubeLambda-2022052108105109360000000e",
            "policy_arn": "arn:aws:iam::aws:policy/service-role/AWSLambdaBasicExecutionRole",
            "role": "kubeLambda"
          },
          "sensitive_attributes": [],
          "private": "bnVsbA==",
          "dependencies": [
            "aws_iam_role.kubeLambda"
          ]
        }
      ]
    },
    {
      "mode": "managed",
      "type": "aws_iam_role_policy_attachment",
      "name": "kubeLambdaServerless",
      "provider": "provider[\"registry.terraform.io/hashicorp/aws\"]",
      "instances": [
        {
          "schema_version": 0,
          "attributes": {
            "id": "kubeLambda-2022052108105109120000000c",
            "policy_arn": "arn:aws:iam::041835826865:policy/Serverless",
            "role": "kubeLambda"
          },
          "sensitive_attributes": [],
          "private": "bnVsbA==",
          "dependencies": [
            "aws_iam_policy.Serverless",
            "aws_iam_role.kubeLambda",
            "data.aws_iam_policy_document.Serverless"
          ]
        }
      ]
    },
    {
      "mode": "managed",
      "type": "aws_iam_user",
      "name": "eksdude",
      "provider": "provider[\"registry.terraform.io/hashicorp/aws\"]",
      "instances": [
        {
          "schema_version": 0,
          "attributes": {
            "arn": "arn:aws:iam::041835826865:user/eksdude",
            "force_destroy": true,
            "id": "eksdude",
            "name": "eksdude",
            "path": "/",
            "permissions_boundary": null,
            "tags": null,
            "tags_all": {},
            "unique_id": "AIDAQTPM4B2YSRGRSNIJN"
          },
          "sensitive_attributes": [],
          "private": "bnVsbA=="
        }
      ]
    },
    {
      "mode": "managed",
      "type": "aws_iam_user_group_membership",
      "name": "eksdude",
      "provider": "provider[\"registry.terraform.io/hashicorp/aws\"]",
      "instances": [
        {
          "schema_version": 0,
          "attributes": {
            "groups": [
              "EKSDemoGroup"
            ],
            "id": "terraform-20220521081050715100000005",
            "user": "eksdude"
          },
          "sensitive_attributes": [],
          "private": "bnVsbA==",
          "dependencies": [
            "aws_iam_group.EKSDemoGroup",
            "aws_iam_user.eksdude"
          ]
        }
      ]
    },
    {
      "mode": "managed",
      "type": "aws_iam_user_login_profile",
      "name": "eksdude",
      "provider": "provider[\"registry.terraform.io/hashicorp/aws\"]",
      "instances": [
        {
          "schema_version": 0,
          "attributes": {
            "encrypted_password": "wcBMA3trylxaTSzhAQf+N1rlvPkP6SUVtRAmU7q9d8mt6akk78kDB0tS0A0u8O/rZ2xpO3HFssk45dTSxG9Za61AaLlDQgpvFW7QlS4cOzsS1jiFxr9ZSsXxraBjv7rz8ZJ1w7g4IAR12TMAbNOMm1XUKGztbOwH9o4pzYd1PCwd+vDMB03Rh4oS/r1pazSNHo1T+FsmaIK7dGTiLR/7h/XnmX/eXG2RCEzhw/3RuFi7H2s0Gbxg/IsBp5vorMZ8c9e7rkqCHqNtCj2aaod1xHkpSk4son9UQuRKtQsGcOkAjwL6GeBWaX3LLSOtgVysGBhztB5v6Q+oou18HHt2vSVMmW9DmOGuoAu+KvwZv9I7AeyS/V3SGTtwB58aiUM9ZSW13VEzja/pgIvEx3mbXueDvqVhzdxZkHqPGfM0LPPtqTH73UXGDFcqDWI=",
            "id": "eksdude",
            "key_fingerprint": "fd2c2ec0c5010529db17c80cb2467e42f57883a3",
            "password": null,
            "password_length": 10,
            "password_reset_required": null,
            "pgp_key": "mQENBF5+OpwBCACzSl0NO2M7tSi4vgh1jUlz484bLjrYN2J9nQU88Okbd+WqCMI1UxaHOqJ4gkX1Za6TA1dTxpoAR1694y5v2HllZVwz7rPkt+fptQgj3QBmUX8Pm13FYqF9kLZ2SZPGLgAnkpoSYel8u8xYmlgtjzG3CamLwDPFnJAh/tPG25VKqJU5Uumd7sAZgDdiF1LF6/LQdEtEJhJdQh6mGGZcLB60HPWIO92vbSJB9CvnwsN+chXrE7IFG2AX7XsMYGdZxxIZBLvjUvMzmFORzlRVieR5KuC7rgONeNZULwRq4hh0BWl/mx3BwKf3HAw1GeDr0jcPM2i/QUPKR561T3ZfPpPrABEBAAG0NVZhbGxhcmQgQmVuaW5jb3NhIChla3MtY2xhc3MpIDx2YWxsYXJkQGJlbmluY29zYS5jb20+iQFOBBMBCAA4FiEE/SwuwMUBBSnbF8gMskZ+QvV4g6MFAl5+OpwCGwMFCwkIBwIGFQoJCAsCBBYCAwECHgECF4AACgkQskZ+QvV4g6MhxwgAszsCcU2Na+SDLkPXUP+76LTDpQT7fdsPX4dh5qyiNEkL0jmoEplG4xzqaVLwn3OvB7OTn0OqdYfe7fZTP/LOecUOSLKN8whXXNr6GUw5D4ZE79utBrwh1swC2Lzj0pKrMduTSW//U2TL5XQE/ncOiLL74HllLH9OVmKqQDH3LoM9EZbCBxNf0oT/oAMcDrl9wOX9/6gW4tmM1p8OmFBPRprc06XYTCWi0SME0kB95uet+PB2lDmWwwqVyUh2lMMtIvxCtK/wv8bcouy18PYqH9b88nLf/rt9VHEeBuFS82xxTUVVG+PEq2qmCFkhYPX+JQDeEV5byAJqXxXIUI6uXLkBDQRefjqcAQgApA5bBbvQ6JxAYF05L2phFcmfKY25jF+s4eTBQiG5jPYLi2MSpyrgRrLcss12JkESU/zuY0N58j1P5KHL+BbvFD5c9oIzoPx5DaSbK/m8W3MwwJ7Qj8Di/uYz5UasUxGv4Moc8u0KXcMwSGMcA9PczlJ1uoZ2jpQlzA03pYeb5rw32nLA+8iNqqsyOXVSw730fEYs+rjyKqSUyFw11uywb2QemjwsxFlRU48zPG5nyaNCSTvXLHTtzCqD/1jm+/kpr5gv13oxIioiSmmPlGpbtFWjWA3oEaPTvXVZ5FAS9BNiHCLS9TBM1Qd2AX4IqeXYg4RPJJIOaltY1lHsX+5QqQARAQABiQE2BBgBCAAgFiEE/SwuwMUBBSnbF8gMskZ+QvV4g6MFAl5+OpwCGwwACgkQskZ+QvV4g6OSmAf9H7yOy61uKmdyjeKL/FMHl+cRrdhlmgnXgCwJGKLWQlTOHDX5VFiYVz9ImYSK8PhiUQDp3L2RQCXbwuK0xvxgG6lQ4vj/q5nsp5aW1Osb2SNSGx6y71Kt6F92J0I3cpGEzd3ZaV/+lbaPUAZFbXaaegjUe0kJcyyvfrhFeuQVWNuA8P5hQImi0BDWgCoyNmYJYOIv+e/znBYHPmALKrdCrODNUVl33hQtRSBPhqNgILK2a+ZvgAmBA4s7m2M2eyFXBOjYSQz2gE87PydBN6P1MNO42BuBMZtHEeSDDmrLPBYosfwXMDL3UJRZMimV2s4sZAoO6ai8ykeyIcJToR9pBw==",
            "user": "eksdude"
          },
          "sensitive_attributes": [],
          "private": "bnVsbA==",
          "dependencies": [
            "aws_iam_user.eksdude"
          ]
        }
      ]
    },
    {
      "mode": "managed",
      "type": "aws_iam_user_policy",
      "name": "eksdude",
      "provider": "provider[\"registry.terraform.io/hashicorp/aws\"]",
      "instances": [
        {
          "schema_version": 0,
          "attributes": {
            "id": "eksdude:ConsolePolicy",
            "name": "ConsolePolicy",
            "name_prefix": null,
            "policy": "{\n  \"Version\": \"2012-10-17\",\n  \"Statement\": [\n    {\n      \"Sid\": \"\",\n      \"Effect\": \"Allow\",\n      \"Action\": [\n        \"iam:GetAccountPasswordPolicy\",\n        \"iam:ChangePassword\"\n      ],\n      \"Resource\": \"arn:aws:iam::041835826865:user/eksdude\"\n    }\n  ]\n}",
            "user": "eksdude"
          },
          "sensitive_attributes": [],
          "private": "bnVsbA==",
          "dependencies": [
            "aws_iam_user.eksdude",
            "data.aws_caller_identity.current",
            "data.aws_iam_policy_document.eksdude"
          ]
        }
      ]
    }
  ]
}
